
Microsoft Visual Studio Solution File, Format Version 12.00
# Visual Studio Version 16
VisualStudioVersion = 16.0.30128.74
MinimumVisualStudioVersion = 10.0.40219.1
Project("{FAE04EC0-301F-11D3-BF4B-00C04F79EFBC}") = "AccountWebMVC", "AccountWebMVC\AccountWebMVC.csproj", "{1CBAA06B-F3CD-46B5-BE05-4C2146BD848C}"
EndProject
Global
	GlobalSection(SolutionConfigurationPlatforms) = preSolution
		Debug|Any CPU = Debug|Any CPU
		Release|Any CPU = Release|Any CPU
	EndGlobalSection
	GlobalSection(ProjectConfigurationPlatforms) = postSolution
		{1CBAA06B-F3CD-46B5-BE05-4C2146BD848C}.Debug|Any CPU.ActiveCfg = Debug|Any CPU
		{1CBAA06B-F3CD-46B5-BE05-4C2146BD848C}.Debug|Any CPU.Build.0 = Debug|Any CPU
		{1CBAA06B-F3CD-46B5-BE05-4C2146BD848C}.Release|Any CPU.ActiveCfg = Release|Any CPU
		{1CBAA06B-F3CD-46B5-BE05-4C2146BD848C}.Release|Any CPU.Build.0 = Release|Any CPU
	EndGlobalSection
	GlobalSection(SolutionProperties) = preSolution
		HideSolutionNode = FALSE
	EndGlobalSection
	GlobalSection(ExtensibilityGlobals) = postSolution
		SolutionGuid = {45562B14-AF62-4EF4-94B2-E5827F3E2F65}
	EndGlobalSection
EndGlobal
